
Microsoft Visual Studio Solution File, Format Version 12.00
# Visual Studio Version 16
VisualStudioVersion = 16.0.29905.134
MinimumVisualStudioVersion = 10.0.40219.1
Project("{9A19103F-16F7-4668-BE54-9A1E7A4F7556}") = "Koderex.VendingMachine.Interfaces", "Koderex.VendingMachine.Interfaces\Koderex.VendingMachine.Interfaces.csproj", "{55D4A599-6F17-4B26-8D4E-757BE5867391}"
EndProject
Project("{9A19103F-16F7-4668-BE54-9A1E7A4F7556}") = "Koderex.VendingMachine.Implementation", "Koderex.VendingMachine.Implementation\Koderex.VendingMachine.Implementation.csproj", "{2A467787-4F20-4246-BBF5-4E4756176AE9}"
EndProject
Project("{9A19103F-16F7-4668-BE54-9A1E7A4F7556}") = "Koderex.VendingMachine.Models", "Koderex.VendingMachine.Models\Koderex.VendingMachine.Models.csproj", "{E2D034E2-946F-4F56-861A-7D4572C5A3C7}"
EndProject
Project("{9A19103F-16F7-4668-BE54-9A1E7A4F7556}") = "Koderex.VendingMachine.Service", "Koderex.VendingMachine.Service\Koderex.VendingMachine.Service.csproj", "{18049908-9DEB-48A9-8874-B7DA3687E5E9}"
EndProject
Project("{2150E333-8FDC-42A3-9474-1A3956D46DE8}") = "Solution Items", "Solution Items", "{5401CC9F-1F36-4F94-AF9E-2856E4A6B1DB}"
	ProjectSection(SolutionItems) = preProject
		README.md = README.md
	EndProjectSection
EndProject
Project("{FAE04EC0-301F-11D3-BF4B-00C04F79EFBC}") = "Koderex.VendingMachine.Test", "Koderex.VendingMachine.Test\Koderex.VendingMachine.Test.csproj", "{90E6694E-F3AD-4579-887A-B605FE1DC212}"
EndProject
Global
	GlobalSection(SolutionConfigurationPlatforms) = preSolution
		Debug|Any CPU = Debug|Any CPU
		Release|Any CPU = Release|Any CPU
	EndGlobalSection
	GlobalSection(ProjectConfigurationPlatforms) = postSolution
		{55D4A599-6F17-4B26-8D4E-757BE5867391}.Debug|Any CPU.ActiveCfg = Debug|Any CPU
		{55D4A599-6F17-4B26-8D4E-757BE5867391}.Debug|Any CPU.Build.0 = Debug|Any CPU
		{55D4A599-6F17-4B26-8D4E-757BE5867391}.Release|Any CPU.ActiveCfg = Release|Any CPU
		{55D4A599-6F17-4B26-8D4E-757BE5867391}.Release|Any CPU.Build.0 = Release|Any CPU
		{2A467787-4F20-4246-BBF5-4E4756176AE9}.Debug|Any CPU.ActiveCfg = Debug|Any CPU
		{2A467787-4F20-4246-BBF5-4E4756176AE9}.Debug|Any CPU.Build.0 = Debug|Any CPU
		{2A467787-4F20-4246-BBF5-4E4756176AE9}.Release|Any CPU.ActiveCfg = Release|Any CPU
		{2A467787-4F20-4246-BBF5-4E4756176AE9}.Release|Any CPU.Build.0 = Release|Any CPU
		{E2D034E2-946F-4F56-861A-7D4572C5A3C7}.Debug|Any CPU.ActiveCfg = Debug|Any CPU
		{E2D034E2-946F-4F56-861A-7D4572C5A3C7}.Debug|Any CPU.Build.0 = Debug|Any CPU
		{E2D034E2-946F-4F56-861A-7D4572C5A3C7}.Release|Any CPU.ActiveCfg = Release|Any CPU
		{E2D034E2-946F-4F56-861A-7D4572C5A3C7}.Release|Any CPU.Build.0 = Release|Any CPU
		{18049908-9DEB-48A9-8874-B7DA3687E5E9}.Debug|Any CPU.ActiveCfg = Debug|Any CPU
		{18049908-9DEB-48A9-8874-B7DA3687E5E9}.Debug|Any CPU.Build.0 = Debug|Any CPU
		{18049908-9DEB-48A9-8874-B7DA3687E5E9}.Release|Any CPU.ActiveCfg = Release|Any CPU
		{18049908-9DEB-48A9-8874-B7DA3687E5E9}.Release|Any CPU.Build.0 = Release|Any CPU
		{90E6694E-F3AD-4579-887A-B605FE1DC212}.Debug|Any CPU.ActiveCfg = Debug|Any CPU
		{90E6694E-F3AD-4579-887A-B605FE1DC212}.Debug|Any CPU.Build.0 = Debug|Any CPU
		{90E6694E-F3AD-4579-887A-B605FE1DC212}.Release|Any CPU.ActiveCfg = Release|Any CPU
		{90E6694E-F3AD-4579-887A-B605FE1DC212}.Release|Any CPU.Build.0 = Release|Any CPU
	EndGlobalSection
	GlobalSection(SolutionProperties) = preSolution
		HideSolutionNode = FALSE
	EndGlobalSection
	GlobalSection(ExtensibilityGlobals) = postSolution
		SolutionGuid = {B500533C-B041-43DD-8CC1-0BBD6D9289FD}
	EndGlobalSection
EndGlobal
